// !$*UTF8*$!
{
	archiveVersion = 1;
	classes = {
	};
	objectVersion = 46;
	objects = {

/* Begin PBXBuildFile section */
		DEEC20B4166FF20600316F33 /* Fingersoft.m in Sources */ = {isa = PBXBuildFile; fileRef = DEEC20B3166FF20600316F33 /* Fingersoft.m */; };
		F5958909190A0B4700FE7A84 /* Fingersoft.h in CopyFiles */ = {isa = PBXBuildFile; fileRef = DEEC20B2166FF20600316F33 /* Fingersoft.h */; };
		F5F5CB121948922B00AA913F /* Foundation.framework in Frameworks */ = {isa = PBXBuildFile; fileRef = DEEC2090166FF20600316F33 /* Foundation.framework */; };
		F5F5CB131948922B00AA913F /* CoreGraphics.framework in Frameworks */ = {isa = PBXBuildFile; fileRef = DEEC2098166FF20600316F33 /* CoreGraphics.framework */; };
		F5F5CB141948922B00AA913F /* UIKit.framework in Frameworks */ = {isa = PBXBuildFile; fileRef = DEEC2094166FF20600316F33 /* UIKit.framework */; };
		F5F5CB471948924100AA913F /* libANEMyGamez.a in Frameworks */ = {isa = PBXBuildFile; fileRef = DEEC208D166FF20600316F33 /* libANEMyGamez.a */; };
		F5FDCCA519829CC9009AC33B /* AppDelegate.m in Sources */ = {isa = PBXBuildFile; fileRef = F5FDCC9719829CC9009AC33B /* AppDelegate.m */; };
		F5FDCCA619829CC9009AC33B /* Main_iPad.storyboard in Resources */ = {isa = PBXBuildFile; fileRef = F5FDCC9819829CC9009AC33B /* Main_iPad.storyboard */; };
		F5FDCCA719829CC9009AC33B /* Main_iPhone.storyboard in Resources */ = {isa = PBXBuildFile; fileRef = F5FDCC9A19829CC9009AC33B /* Main_iPhone.storyboard */; };
		F5FDCCA819829CC9009AC33B /* InfoPlist.strings in Resources */ = {isa = PBXBuildFile; fileRef = F5FDCC9C19829CC9009AC33B /* InfoPlist.strings */; };
		F5FDCCA919829CC9009AC33B /* FakeFRE.m in Sources */ = {isa = PBXBuildFile; fileRef = F5FDCC9E19829CC9009AC33B /* FakeFRE.m */; };
		F5FDCCAA19829CC9009AC33B /* GPApp-Info.plist in Resources */ = {isa = PBXBuildFile; fileRef = F5FDCC9F19829CC9009AC33B /* GPApp-Info.plist */; };
		F5FDCCAB19829CC9009AC33B /* Images.xcassets in Resources */ = {isa = PBXBuildFile; fileRef = F5FDCCA119829CC9009AC33B /* Images.xcassets */; };
		F5FDCCAC19829CC9009AC33B /* main.m in Sources */ = {isa = PBXBuildFile; fileRef = F5FDCCA219829CC9009AC33B /* main.m */; };
		F5FDCCAD19829CC9009AC33B /* ViewController.m in Sources */ = {isa = PBXBuildFile; fileRef = F5FDCCA419829CC9009AC33B /* ViewController.m */; };
/* End PBXBuildFile section */

/* Begin PBXContainerItemProxy section */
		F5F5CB451948923E00AA913F /* PBXContainerItemProxy */ = {
			isa = PBXContainerItemProxy;
			containerPortal = DEEC2084166FF20600316F33 /* Project object */;
			proxyType = 1;
			remoteGlobalIDString = DEEC208C166FF20600316F33;
			remoteInfo = ANEDeviceController;
		};
/* End PBXContainerItemProxy section */

/* Begin PBXCopyFilesBuildPhase section */
		F581FC331909F1CF002F4513 /* CopyFiles */ = {
			isa = PBXCopyFilesBuildPhase;
			buildActionMask = 2147483647;
			dstPath = "include/${PRODUCT_NAME}";
			dstSubfolderSpec = 16;
			files = (
				F5958909190A0B4700FE7A84 /* Fingersoft.h in CopyFiles */,
			);
			runOnlyForDeploymentPostprocessing = 0;
		};
/* End PBXCopyFilesBuildPhase section */

/* Begin PBXFileReference section */
		DE4B2C63166FF55F001C1C1A /* MediaPlayer.framework */ = {isa = PBXFileReference; lastKnownFileType = wrapper.framework; name = MediaPlayer.framework; path = System/Library/Frameworks/MediaPlayer.framework; sourceTree = SDKROOT; };
		DEEC208D166FF20600316F33 /* libANEMyGamez.a */ = {isa = PBXFileReference; explicitFileType = archive.ar; includeInIndex = 0; path = libANEMyGamez.a; sourceTree = BUILT_PRODUCTS_DIR; };
		DEEC2090166FF20600316F33 /* Foundation.framework */ = {isa = PBXFileReference; lastKnownFileType = wrapper.framework; name = Foundation.framework; path = System/Library/Frameworks/Foundation.framework; sourceTree = SDKROOT; };
		DEEC2092166FF20600316F33 /* CoreFoundation.framework */ = {isa = PBXFileReference; lastKnownFileType = wrapper.framework; name = CoreFoundation.framework; path = System/Library/Frameworks/CoreFoundation.framework; sourceTree = SDKROOT; };
		DEEC2094166FF20600316F33 /* UIKit.framework */ = {isa = PBXFileReference; lastKnownFileType = wrapper.framework; name = UIKit.framework; path = System/Library/Frameworks/UIKit.framework; sourceTree = SDKROOT; };
		DEEC2096166FF20600316F33 /* MobileCoreServices.framework */ = {isa = PBXFileReference; lastKnownFileType = wrapper.framework; name = MobileCoreServices.framework; path = System/Library/Frameworks/MobileCoreServices.framework; sourceTree = SDKROOT; };
		DEEC2098166FF20600316F33 /* CoreGraphics.framework */ = {isa = PBXFileReference; lastKnownFileType = wrapper.framework; name = CoreGraphics.framework; path = System/Library/Frameworks/CoreGraphics.framework; sourceTree = SDKROOT; };
		DEEC209A166FF20600316F33 /* SystemConfiguration.framework */ = {isa = PBXFileReference; lastKnownFileType = wrapper.framework; name = SystemConfiguration.framework; path = System/Library/Frameworks/SystemConfiguration.framework; sourceTree = SDKROOT; };
		DEEC209C166FF20600316F33 /* AudioToolbox.framework */ = {isa = PBXFileReference; lastKnownFileType = wrapper.framework; name = AudioToolbox.framework; path = System/Library/Frameworks/AudioToolbox.framework; sourceTree = SDKROOT; };
		DEEC209E166FF20600316F33 /* CFNetwork.framework */ = {isa = PBXFileReference; lastKnownFileType = wrapper.framework; name = CFNetwork.framework; path = System/Library/Frameworks/CFNetwork.framework; sourceTree = SDKROOT; };
		DEEC20A0166FF20600316F33 /* QuartzCore.framework */ = {isa = PBXFileReference; lastKnownFileType = wrapper.framework; name = QuartzCore.framework; path = System/Library/Frameworks/QuartzCore.framework; sourceTree = SDKROOT; };
		DEEC20A2166FF20600316F33 /* OpenGLES.framework */ = {isa = PBXFileReference; lastKnownFileType = wrapper.framework; name = OpenGLES.framework; path = System/Library/Frameworks/OpenGLES.framework; sourceTree = SDKROOT; };
		DEEC20A4166FF20600316F33 /* CoreLocation.framework */ = {isa = PBXFileReference; lastKnownFileType = wrapper.framework; name = CoreLocation.framework; path = System/Library/Frameworks/CoreLocation.framework; sourceTree = SDKROOT; };
		DEEC20A6166FF20600316F33 /* CoreMedia.framework */ = {isa = PBXFileReference; lastKnownFileType = wrapper.framework; name = CoreMedia.framework; path = System/Library/Frameworks/CoreMedia.framework; sourceTree = SDKROOT; };
		DEEC20A8166FF20600316F33 /* CoreVideo.framework */ = {isa = PBXFileReference; lastKnownFileType = wrapper.framework; name = CoreVideo.framework; path = System/Library/Frameworks/CoreVideo.framework; sourceTree = SDKROOT; };
		DEEC20AA166FF20600316F33 /* AVFoundation.framework */ = {isa = PBXFileReference; lastKnownFileType = wrapper.framework; name = AVFoundation.framework; path = System/Library/Frameworks/AVFoundation.framework; sourceTree = SDKROOT; };
		DEEC20AC166FF20600316F33 /* Security.framework */ = {isa = PBXFileReference; lastKnownFileType = wrapper.framework; name = Security.framework; path = System/Library/Frameworks/Security.framework; sourceTree = SDKROOT; };
		DEEC20AF166FF20600316F33 /* FlashRuntimeExtensions.h */ = {isa = PBXFileReference; lastKnownFileType = sourcecode.c.h; path = FlashRuntimeExtensions.h; sourceTree = "<group>"; };
		DEEC20B2166FF20600316F33 /* Fingersoft.h */ = {isa = PBXFileReference; lastKnownFileType = sourcecode.c.h; path = Fingersoft.h; sourceTree = "<group>"; };
		DEEC20B3166FF20600316F33 /* Fingersoft.m */ = {isa = PBXFileReference; lastKnownFileType = sourcecode.c.objc; path = Fingersoft.m; sourceTree = "<group>"; };
		F595890D190A7D2300FE7A84 /* ANEMyGamez-Prefix.pch */ = {isa = PBXFileReference; lastKnownFileType = sourcecode.c.h; path = "ANEMyGamez-Prefix.pch"; sourceTree = "<group>"; };
		F5B74445194C80DF00D481AB /* AdSupport.framework */ = {isa = PBXFileReference; lastKnownFileType = wrapper.framework; name = AdSupport.framework; path = System/Library/Frameworks/AdSupport.framework; sourceTree = SDKROOT; };
		F5F5CB111948922B00AA913F /* FSApp.app */ = {isa = PBXFileReference; explicitFileType = wrapper.application; includeInIndex = 0; path = FSApp.app; sourceTree = BUILT_PRODUCTS_DIR; };
		F5F5CB311948922B00AA913F /* XCTest.framework */ = {isa = PBXFileReference; lastKnownFileType = wrapper.framework; name = XCTest.framework; path = Library/Frameworks/XCTest.framework; sourceTree = DEVELOPER_DIR; };
		F5FDCC9619829CC9009AC33B /* AppDelegate.h */ = {isa = PBXFileReference; fileEncoding = 4; lastKnownFileType = sourcecode.c.h; path = AppDelegate.h; sourceTree = "<group>"; };
		F5FDCC9719829CC9009AC33B /* AppDelegate.m */ = {isa = PBXFileReference; fileEncoding = 4; lastKnownFileType = sourcecode.c.objc; path = AppDelegate.m; sourceTree = "<group>"; };
		F5FDCC9919829CC9009AC33B /* Base */ = {isa = PBXFileReference; lastKnownFileType = file.storyboard; name = Base; path = Base.lproj/Main_iPad.storyboard; sourceTree = "<group>"; };
		F5FDCC9B19829CC9009AC33B /* Base */ = {isa = PBXFileReference; lastKnownFileType = file.storyboard; name = Base; path = Base.lproj/Main_iPhone.storyboard; sourceTree = "<group>"; };
		F5FDCC9D19829CC9009AC33B /* en */ = {isa = PBXFileReference; lastKnownFileType = text.plist.strings; name = en; path = en.lproj/InfoPlist.strings; sourceTree = "<group>"; };
		F5FDCC9E19829CC9009AC33B /* FakeFRE.m */ = {isa = PBXFileReference; fileEncoding = 4; lastKnownFileType = sourcecode.c.objc; path = FakeFRE.m; sourceTree = "<group>"; };
		F5FDCC9F19829CC9009AC33B /* GPApp-Info.plist */ = {isa = PBXFileReference; fileEncoding = 4; lastKnownFileType = text.plist.xml; path = "GPApp-Info.plist"; sourceTree = "<group>"; };
		F5FDCCA019829CC9009AC33B /* GPApp-Prefix.pch */ = {isa = PBXFileReference; fileEncoding = 4; lastKnownFileType = sourcecode.c.h; path = "GPApp-Prefix.pch"; sourceTree = "<group>"; };
		F5FDCCA119829CC9009AC33B /* Images.xcassets */ = {isa = PBXFileReference; lastKnownFileType = folder.assetcatalog; path = Images.xcassets; sourceTree = "<group>"; };
		F5FDCCA219829CC9009AC33B /* main.m */ = {isa = PBXFileReference; fileEncoding = 4; lastKnownFileType = sourcecode.c.objc; path = main.m; sourceTree = "<group>"; };
		F5FDCCA319829CC9009AC33B /* ViewController.h */ = {isa = PBXFileReference; fileEncoding = 4; lastKnownFileType = sourcecode.c.h; path = ViewController.h; sourceTree = "<group>"; };
		F5FDCCA419829CC9009AC33B /* ViewController.m */ = {isa = PBXFileReference; fileEncoding = 4; lastKnownFileType = sourcecode.c.objc; path = ViewController.m; sourceTree = "<group>"; };
/* End PBXFileReference section */

/* Begin PBXFrameworksBuildPhase section */
		DEEC208A166FF20600316F33 /* Frameworks */ = {
			isa = PBXFrameworksBuildPhase;
			buildActionMask = 2147483647;
			files = (
			);
			runOnlyForDeploymentPostprocessing = 0;
		};
		F5F5CB0E1948922B00AA913F /* Frameworks */ = {
			isa = PBXFrameworksBuildPhase;
			buildActionMask = 2147483647;
			files = (
				F5F5CB471948924100AA913F /* libANEMyGamez.a in Frameworks */,
				F5F5CB131948922B00AA913F /* CoreGraphics.framework in Frameworks */,
				F5F5CB141948922B00AA913F /* UIKit.framework in Frameworks */,
				F5F5CB121948922B00AA913F /* Foundation.framework in Frameworks */,
			);
			runOnlyForDeploymentPostprocessing = 0;
		};
/* End PBXFrameworksBuildPhase section */

/* Begin PBXGroup section */
		DEEC2082166FF20600316F33 = {
			isa = PBXGroup;
			children = (
				DEEC20AE166FF20600316F33 /* Fingersoft */,
				F5FDCC9519829CC9009AC33B /* FSApp */,
				DEEC208F166FF20600316F33 /* Frameworks */,
				DEEC208E166FF20600316F33 /* Products */,
			);
			sourceTree = "<group>";
		};
		DEEC208E166FF20600316F33 /* Products */ = {
			isa = PBXGroup;
			children = (
				DEEC208D166FF20600316F33 /* libANEMyGamez.a */,
				F5F5CB111948922B00AA913F /* FSApp.app */,
			);
			name = Products;
			sourceTree = "<group>";
		};
		DEEC208F166FF20600316F33 /* Frameworks */ = {
			isa = PBXGroup;
			children = (
				F5B74445194C80DF00D481AB /* AdSupport.framework */,
				DE4B2C63166FF55F001C1C1A /* MediaPlayer.framework */,
				DEEC2090166FF20600316F33 /* Foundation.framework */,
				DEEC2092166FF20600316F33 /* CoreFoundation.framework */,
				DEEC2094166FF20600316F33 /* UIKit.framework */,
				DEEC2096166FF20600316F33 /* MobileCoreServices.framework */,
				DEEC2098166FF20600316F33 /* CoreGraphics.framework */,
				DEEC209A166FF20600316F33 /* SystemConfiguration.framework */,
				DEEC209C166FF20600316F33 /* AudioToolbox.framework */,
				DEEC209E166FF20600316F33 /* CFNetwork.framework */,
				DEEC20A0166FF20600316F33 /* QuartzCore.framework */,
				DEEC20A2166FF20600316F33 /* OpenGLES.framework */,
				DEEC20A4166FF20600316F33 /* CoreLocation.framework */,
				DEEC20A6166FF20600316F33 /* CoreMedia.framework */,
				DEEC20A8166FF20600316F33 /* CoreVideo.framework */,
				DEEC20AA166FF20600316F33 /* AVFoundation.framework */,
				DEEC20AC166FF20600316F33 /* Security.framework */,
				F5F5CB311948922B00AA913F /* XCTest.framework */,
			);
			name = Frameworks;
			sourceTree = "<group>";
		};
		DEEC20AE166FF20600316F33 /* Fingersoft */ = {
			isa = PBXGroup;
			children = (
				DEEC20AF166FF20600316F33 /* FlashRuntimeExtensions.h */,
				DEEC20B2166FF20600316F33 /* Fingersoft.h */,
				DEEC20B3166FF20600316F33 /* Fingersoft.m */,
				DEEC20B0166FF20600316F33 /* Supporting Files */,
			);
			path = Fingersoft;
			sourceTree = "<group>";
		};
		DEEC20B0166FF20600316F33 /* Supporting Files */ = {
			isa = PBXGroup;
			children = (
				F595890D190A7D2300FE7A84 /* ANEMyGamez-Prefix.pch */,
			);
			name = "Supporting Files";
			sourceTree = "<group>";
		};
		F5FDCC9519829CC9009AC33B /* FSApp */ = {
			isa = PBXGroup;
			children = (
				F5FDCC9619829CC9009AC33B /* AppDelegate.h */,
				F5FDCC9719829CC9009AC33B /* AppDelegate.m */,
				F5FDCC9819829CC9009AC33B /* Main_iPad.storyboard */,
				F5FDCC9A19829CC9009AC33B /* Main_iPhone.storyboard */,
				F5FDCC9C19829CC9009AC33B /* InfoPlist.strings */,
				F5FDCC9E19829CC9009AC33B /* FakeFRE.m */,
				F5FDCC9F19829CC9009AC33B /* GPApp-Info.plist */,
				F5FDCCA019829CC9009AC33B /* GPApp-Prefix.pch */,
				F5FDCCA119829CC9009AC33B /* Images.xcassets */,
				F5FDCCA219829CC9009AC33B /* main.m */,
				F5FDCCA319829CC9009AC33B /* ViewController.h */,
				F5FDCCA419829CC9009AC33B /* ViewController.m */,
			);
			path = FSApp;
			sourceTree = "<group>";
		};
/* End PBXGroup section */

/* Begin PBXNativeTarget section */
		DEEC208C166FF20600316F33 /* ANEMyGamez */ = {
			isa = PBXNativeTarget;
			buildConfigurationList = DEEC20B8166FF20600316F33 /* Build configuration list for PBXNativeTarget "ANEMyGamez" */;
			buildPhases = (
				DEEC2089166FF20600316F33 /* Sources */,
				DEEC208A166FF20600316F33 /* Frameworks */,
				F581FC331909F1CF002F4513 /* CopyFiles */,
			);
			buildRules = (
			);
			dependencies = (
			);
			name = ANEMyGamez;
			productName = DeviceController;
			productReference = DEEC208D166FF20600316F33 /* libANEMyGamez.a */;
			productType = "com.apple.product-type.library.static";
		};
		F5F5CB101948922B00AA913F /* MyGamezApp */ = {
			isa = PBXNativeTarget;
			buildConfigurationList = F5F5CB431948922C00AA913F /* Build configuration list for PBXNativeTarget "MyGamezApp" */;
			buildPhases = (
				F5F5CB0D1948922B00AA913F /* Sources */,
				F5F5CB0E1948922B00AA913F /* Frameworks */,
				F5F5CB0F1948922B00AA913F /* Resources */,
			);
			buildRules = (
			);
			dependencies = (
				F5F5CB461948923E00AA913F /* PBXTargetDependency */,
			);
			name = MyGamezApp;
			productName = DCApp;
			productReference = F5F5CB111948922B00AA913F /* FSApp.app */;
			productType = "com.apple.product-type.application";
		};
/* End PBXNativeTarget section */

/* Begin PBXProject section */
		DEEC2084166FF20600316F33 /* Project object */ = {
			isa = PBXProject;
			attributes = {
				LastUpgradeCheck = 0500;
			};
			buildConfigurationList = DEEC2087166FF20600316F33 /* Build configuration list for PBXProject "ANEMyGamez" */;
			compatibilityVersion = "Xcode 3.2";
			developmentRegion = English;
			hasScannedForEncodings = 0;
			knownRegions = (
				en,
				Base,
			);
			mainGroup = DEEC2082166FF20600316F33;
			productRefGroup = DEEC208E166FF20600316F33 /* Products */;
			projectDirPath = "";
			projectRoot = "";
			targets = (
				DEEC208C166FF20600316F33 /* ANEMyGamez */,
				F5F5CB101948922B00AA913F /* MyGamezApp */,
			);
		};
/* End PBXProject section */

/* Begin PBXResourcesBuildPhase section */
		F5F5CB0F1948922B00AA913F /* Resources */ = {
			isa = PBXResourcesBuildPhase;
			buildActionMask = 2147483647;
			files = (
				F5FDCCA719829CC9009AC33B /* Main_iPhone.storyboard in Resources */,
				F5FDCCAB19829CC9009AC33B /* Images.xcassets in Resources */,
				F5FDCCA819829CC9009AC33B /* InfoPlist.strings in Resources */,
				F5FDCCA619829CC9009AC33B /* Main_iPad.storyboard in Resources */,
				F5FDCCAA19829CC9009AC33B /* GPApp-Info.plist in Resources */,
			);
			runOnlyForDeploymentPostprocessing = 0;
		};
/* End PBXResourcesBuildPhase section */

/* Begin PBXSourcesBuildPhase section */
		DEEC2089166FF20600316F33 /* Sources */ = {
			isa = PBXSourcesBuildPhase;
			buildActionMask = 2147483647;
			files = (
				DEEC20B4166FF20600316F33 /* Fingersoft.m in Sources */,
			);
			runOnlyForDeploymentPostprocessing = 0;
		};
		F5F5CB0D1948922B00AA913F /* Sources */ = {
			isa = PBXSourcesBuildPhase;
			buildActionMask = 2147483647;
			files = (
				F5FDCCA919829CC9009AC33B /* FakeFRE.m in Sources */,
				F5FDCCAC19829CC9009AC33B /* main.m in Sources */,
				F5FDCCAD19829CC9009AC33B /* ViewController.m in Sources */,
				F5FDCCA519829CC9009AC33B /* AppDelegate.m in Sources */,
			);
			runOnlyForDeploymentPostprocessing = 0;
		};
/* End PBXSourcesBuildPhase section */

/* Begin PBXTargetDependency section */
		F5F5CB461948923E00AA913F /* PBXTargetDependency */ = {
			isa = PBXTargetDependency;
			target = DEEC208C166FF20600316F33 /* ANEMyGamez */;
			targetProxy = F5F5CB451948923E00AA913F /* PBXContainerItemProxy */;
		};
/* End PBXTargetDependency section */

/* Begin PBXVariantGroup section */
		F5FDCC9819829CC9009AC33B /* Main_iPad.storyboard */ = {
			isa = PBXVariantGroup;
			children = (
				F5FDCC9919829CC9009AC33B /* Base */,
			);
			name = Main_iPad.storyboard;
			sourceTree = "<group>";
		};
		F5FDCC9A19829CC9009AC33B /* Main_iPhone.storyboard */ = {
			isa = PBXVariantGroup;
			children = (
				F5FDCC9B19829CC9009AC33B /* Base */,
			);
			name = Main_iPhone.storyboard;
			sourceTree = "<group>";
		};
		F5FDCC9C19829CC9009AC33B /* InfoPlist.strings */ = {
			isa = PBXVariantGroup;
			children = (
				F5FDCC9D19829CC9009AC33B /* en */,
			);
			name = InfoPlist.strings;
			sourceTree = "<group>";
		};
/* End PBXVariantGroup section */

/* Begin XCBuildConfiguration section */
		DEEC20B6166FF20600316F33 /* Debug */ = {
			isa = XCBuildConfiguration;
			buildSettings = {
				ALWAYS_SEARCH_USER_PATHS = NO;
				CLANG_ENABLE_OBJC_ARC = NO;
				COPY_PHASE_STRIP = NO;
				GCC_C_LANGUAGE_STANDARD = gnu99;
				GCC_DYNAMIC_NO_PIC = NO;
				GCC_ENABLE_CPP_EXCEPTIONS = YES;
				GCC_ENABLE_OBJC_EXCEPTIONS = YES;
				GCC_OPTIMIZATION_LEVEL = 0;
				GCC_PREPROCESSOR_DEFINITIONS = (
					"DEBUG=1",
					"$(inherited)",
				);
				GCC_SYMBOLS_PRIVATE_EXTERN = NO;
				GCC_VERSION = "";
				GCC_WARN_ABOUT_MISSING_PROTOTYPES = YES;
				GCC_WARN_ABOUT_RETURN_TYPE = YES;
				GCC_WARN_UNUSED_VARIABLE = YES;
				IPHONEOS_DEPLOYMENT_TARGET = 4.3;
				ONLY_ACTIVE_ARCH = YES;
				SDKROOT = iphoneos;
				USER_HEADER_SEARCH_PATHS = "/Developer/sdks/AIRSDK/include Crashlytics.Framework";
			};
			name = Debug;
		};
		DEEC20B7166FF20600316F33 /* Release */ = {
			isa = XCBuildConfiguration;
			buildSettings = {
				ALWAYS_SEARCH_USER_PATHS = NO;
				CLANG_ENABLE_OBJC_ARC = NO;
				COPY_PHASE_STRIP = YES;
				GCC_C_LANGUAGE_STANDARD = gnu99;
				GCC_ENABLE_CPP_EXCEPTIONS = YES;
				GCC_ENABLE_OBJC_EXCEPTIONS = YES;
				GCC_VERSION = "";
				GCC_WARN_ABOUT_MISSING_PROTOTYPES = YES;
				GCC_WARN_ABOUT_RETURN_TYPE = YES;
				GCC_WARN_UNUSED_VARIABLE = YES;
				IPHONEOS_DEPLOYMENT_TARGET = 4.3;
				ONLY_ACTIVE_ARCH = NO;
				SDKROOT = iphoneos;
				USER_HEADER_SEARCH_PATHS = "/Developer/sdks/AIRSDK/include Crashlytics.Framework";
				VALIDATE_PRODUCT = YES;
			};
			name = Release;
		};
		DEEC20B9166FF20600316F33 /* Debug */ = {
			isa = XCBuildConfiguration;
			buildSettings = {
				DSTROOT = "/tmp/$(PROJECT_NAME).dst";
				FRAMEWORK_SEARCH_PATHS = (
					"$(inherited)",
					"$(PROJECT_DIR)",
				);
				GCC_PRECOMPILE_PREFIX_HEADER = YES;
				GCC_PREFIX_HEADER = "Fingersoft/ANEMyGamez-Prefix.pch";
				GCC_VERSION = "";
				OTHER_LDFLAGS = "-ObjC";
				PRODUCT_NAME = ANEMyGamez;
				SKIP_INSTALL = YES;
				TARGETED_DEVICE_FAMILY = "1,2";
			};
			name = Debug;
		};
		DEEC20BA166FF20600316F33 /* Release */ = {
			isa = XCBuildConfiguration;
			buildSettings = {
				DSTROOT = "/tmp/$(PROJECT_NAME).dst";
				FRAMEWORK_SEARCH_PATHS = (
					"$(inherited)",
					"$(PROJECT_DIR)",
				);
				GCC_PRECOMPILE_PREFIX_HEADER = YES;
				GCC_PREFIX_HEADER = "Fingersoft/ANEMyGamez-Prefix.pch";
				GCC_VERSION = "";
				OTHER_LDFLAGS = "-ObjC";
				PRODUCT_NAME = ANEMyGamez;
				SKIP_INSTALL = YES;
				TARGETED_DEVICE_FAMILY = "1,2";
			};
			name = Release;
		};
		F5F5CB3F1948922C00AA913F /* Debug */ = {
			isa = XCBuildConfiguration;
			buildSettings = {
				ASSETCATALOG_COMPILER_APPICON_NAME = AppIcon;
				ASSETCATALOG_COMPILER_LAUNCHIMAGE_NAME = LaunchImage;
				CLANG_CXX_LANGUAGE_STANDARD = "gnu++0x";
				CLANG_CXX_LIBRARY = "libc++";
				CLANG_ENABLE_MODULES = YES;
				CLANG_ENABLE_OBJC_ARC = YES;
				CLANG_WARN_BOOL_CONVERSION = YES;
				CLANG_WARN_CONSTANT_CONVERSION = YES;
				CLANG_WARN_DIRECT_OBJC_ISA_USAGE = YES_ERROR;
				CLANG_WARN_EMPTY_BODY = YES;
				CLANG_WARN_ENUM_CONVERSION = YES;
				CLANG_WARN_INT_CONVERSION = YES;
				CLANG_WARN_OBJC_ROOT_CLASS = YES_ERROR;
				CLANG_WARN__DUPLICATE_METHOD_MATCH = YES;
				"CODE_SIGN_IDENTITY[sdk=iphoneos*]" = "iPhone Developer";
				GCC_PRECOMPILE_PREFIX_HEADER = YES;
				GCC_PREFIX_HEADER = "FSApp/FSApp-Prefix.pch";
				GCC_PREPROCESSOR_DEFINITIONS = (
					"DEBUG=1",
					"$(inherited)",
				);
				GCC_WARN_64_TO_32_BIT_CONVERSION = YES;
				GCC_WARN_ABOUT_RETURN_TYPE = YES_ERROR;
				GCC_WARN_UNDECLARED_SELECTOR = YES;
				GCC_WARN_UNINITIALIZED_AUTOS = YES_AGGRESSIVE;
				GCC_WARN_UNUSED_FUNCTION = YES;
				INFOPLIST_FILE = "FSApp/FSApp-Info.plist";
				IPHONEOS_DEPLOYMENT_TARGET = 6.0;
				PRODUCT_NAME = "$(TARGET_NAME)";
				TARGETED_DEVICE_FAMILY = "1,2";
				WRAPPER_EXTENSION = app;
			};
			name = Debug;
		};
		F5F5CB401948922C00AA913F /* Release */ = {
			isa = XCBuildConfiguration;
			buildSettings = {
				ASSETCATALOG_COMPILER_APPICON_NAME = AppIcon;
				ASSETCATALOG_COMPILER_LAUNCHIMAGE_NAME = LaunchImage;
				CLANG_CXX_LANGUAGE_STANDARD = "gnu++0x";
				CLANG_CXX_LIBRARY = "libc++";
				CLANG_ENABLE_MODULES = YES;
				CLANG_ENABLE_OBJC_ARC = YES;
				CLANG_WARN_BOOL_CONVERSION = YES;
				CLANG_WARN_CONSTANT_CONVERSION = YES;
				CLANG_WARN_DIRECT_OBJC_ISA_USAGE = YES_ERROR;
				CLANG_WARN_EMPTY_BODY = YES;
				CLANG_WARN_ENUM_CONVERSION = YES;
				CLANG_WARN_INT_CONVERSION = YES;
				CLANG_WARN_OBJC_ROOT_CLASS = YES_ERROR;
				CLANG_WARN__DUPLICATE_METHOD_MATCH = YES;
				"CODE_SIGN_IDENTITY[sdk=iphoneos*]" = "iPhone Developer";
				ENABLE_NS_ASSERTIONS = NO;
				GCC_PRECOMPILE_PREFIX_HEADER = YES;
				GCC_PREFIX_HEADER = "FSApp/FSApp-Prefix.pch";
				GCC_WARN_64_TO_32_BIT_CONVERSION = YES;
				GCC_WARN_ABOUT_RETURN_TYPE = YES_ERROR;
				GCC_WARN_UNDECLARED_SELECTOR = YES;
				GCC_WARN_UNINITIALIZED_AUTOS = YES_AGGRESSIVE;
				GCC_WARN_UNUSED_FUNCTION = YES;
				INFOPLIST_FILE = "FSApp/FSApp-Info.plist";
				IPHONEOS_DEPLOYMENT_TARGET = 6.0;
				PRODUCT_NAME = "$(TARGET_NAME)";
				TARGETED_DEVICE_FAMILY = "1,2";
				WRAPPER_EXTENSION = app;
			};
			name = Release;
		};
/* End XCBuildConfiguration section */

/* Begin XCConfigurationList section */
		DEEC2087166FF20600316F33 /* Build configuration list for PBXProject "ANEMyGamez" */ = {
			isa = XCConfigurationList;
			buildConfigurations = (
				DEEC20B6166FF20600316F33 /* Debug */,
				DEEC20B7166FF20600316F33 /* Release */,
			);
			defaultConfigurationIsVisible = 0;
			defaultConfigurationName = Release;
		};
		DEEC20B8166FF20600316F33 /* Build configuration list for PBXNativeTarget "ANEMyGamez" */ = {
			isa = XCConfigurationList;
			buildConfigurations = (
				DEEC20B9166FF20600316F33 /* Debug */,
				DEEC20BA166FF20600316F33 /* Release */,
			);
			defaultConfigurationIsVisible = 0;
			defaultConfigurationName = Release;
		};
		F5F5CB431948922C00AA913F /* Build configuration list for PBXNativeTarget "MyGamezApp" */ = {
			isa = XCConfigurationList;
			buildConfigurations = (
				F5F5CB3F1948922C00AA913F /* Debug */,
				F5F5CB401948922C00AA913F /* Release */,
			);
			defaultConfigurationIsVisible = 0;
			defaultConfigurationName = Release;
		};
/* End XCConfigurationList section */
	};
	rootObject = DEEC2084166FF20600316F33 /* Project object */;
}
